
Microsoft Visual Studio Solution File, Format Version 12.00
# Visual Studio Version 16
VisualStudioVersion = 16.0.30907.101
MinimumVisualStudioVersion = 10.0.40219.1
Project("{FAE04EC0-301F-11D3-BF4B-00C04F79EFBC}") = "LB_5", "LB_5\LB_5.csproj", "{BCF91733-E62A-4B33-9A4E-4DC32E0CF51C}"
EndProject
Global
	GlobalSection(SolutionConfigurationPlatforms) = preSolution
		Debug|Any CPU = Debug|Any CPU
		Release|Any CPU = Release|Any CPU
	EndGlobalSection
	GlobalSection(ProjectConfigurationPlatforms) = postSolution
		{BCF91733-E62A-4B33-9A4E-4DC32E0CF51C}.Debug|Any CPU.ActiveCfg = Debug|Any CPU
		{BCF91733-E62A-4B33-9A4E-4DC32E0CF51C}.Debug|Any CPU.Build.0 = Debug|Any CPU
		{BCF91733-E62A-4B33-9A4E-4DC32E0CF51C}.Release|Any CPU.ActiveCfg = Release|Any CPU
		{BCF91733-E62A-4B33-9A4E-4DC32E0CF51C}.Release|Any CPU.Build.0 = Release|Any CPU
	EndGlobalSection
	GlobalSection(SolutionProperties) = preSolution
		HideSolutionNode = FALSE
	EndGlobalSection
	GlobalSection(ExtensibilityGlobals) = postSolution
		SolutionGuid = {CE2030B7-6B0E-47B8-B43F-5AAD80788CA4}
	EndGlobalSection
EndGlobal
